
Microsoft Visual Studio Solution File, Format Version 12.00
# Visual Studio 15
VisualStudioVersion = 15.0.27428.2015
MinimumVisualStudioVersion = 10.0.40219.1
Project("{FAE04EC0-301F-11D3-BF4B-00C04F79EFBC}") = "Huffman_sharp", "Huffman_sharp\Huffman_sharp.csproj", "{AD75705F-CDE0-4A51-A9B9-83CFE78F6488}"
EndProject
Global
	GlobalSection(SolutionConfigurationPlatforms) = preSolution
		Debug|Any CPU = Debug|Any CPU
		Release|Any CPU = Release|Any CPU
	EndGlobalSection
	GlobalSection(ProjectConfigurationPlatforms) = postSolution
		{AD75705F-CDE0-4A51-A9B9-83CFE78F6488}.Debug|Any CPU.ActiveCfg = Debug|Any CPU
		{AD75705F-CDE0-4A51-A9B9-83CFE78F6488}.Debug|Any CPU.Build.0 = Debug|Any CPU
		{AD75705F-CDE0-4A51-A9B9-83CFE78F6488}.Release|Any CPU.ActiveCfg = Release|Any CPU
		{AD75705F-CDE0-4A51-A9B9-83CFE78F6488}.Release|Any CPU.Build.0 = Release|Any CPU
	EndGlobalSection
	GlobalSection(SolutionProperties) = preSolution
		HideSolutionNode = FALSE
	EndGlobalSection
	GlobalSection(ExtensibilityGlobals) = postSolution
		SolutionGuid = {68261E79-BB07-49CD-972F-CE9CFDA88840}
	EndGlobalSection
EndGlobal
